// !$*UTF8*$!
{
	archiveVersion = 1;
	classes = {
	};
	objectVersion = 50;
	objects = {

/* Begin PBXBuildFile section */
		041DD713273CE17D00B1A127 /* VideoPlayerViewController.swift in Sources */ = {isa = PBXBuildFile; fileRef = 041DD712273CE17D00B1A127 /* VideoPlayerViewController.swift */; };
		044C0AA4273A3BDA002D8B4B /* AppDelegate.swift in Sources */ = {isa = PBXBuildFile; fileRef = 044C0AA3273A3BDA002D8B4B /* AppDelegate.swift */; };
		044C0AA6273A3BDA002D8B4B /* SceneDelegate.swift in Sources */ = {isa = PBXBuildFile; fileRef = 044C0AA5273A3BDA002D8B4B /* SceneDelegate.swift */; };
		044C0AA8273A3BDA002D8B4B /* ViewController.swift in Sources */ = {isa = PBXBuildFile; fileRef = 044C0AA7273A3BDA002D8B4B /* ViewController.swift */; };
		044C0AAB273A3BDA002D8B4B /* Main.storyboard in Resources */ = {isa = PBXBuildFile; fileRef = 044C0AA9273A3BDA002D8B4B /* Main.storyboard */; };
		044C0AAD273A3BDB002D8B4B /* Assets.xcassets in Resources */ = {isa = PBXBuildFile; fileRef = 044C0AAC273A3BDB002D8B4B /* Assets.xcassets */; };
		044C0AB0273A3BDB002D8B4B /* LaunchScreen.storyboard in Resources */ = {isa = PBXBuildFile; fileRef = 044C0AAE273A3BDB002D8B4B /* LaunchScreen.storyboard */; };
		044C0AC5273A429E002D8B4B /* free.mp4 in Resources */ = {isa = PBXBuildFile; fileRef = 044C0AC4273A429D002D8B4B /* free.mp4 */; };
/* End PBXBuildFile section */

/* Begin PBXFileReference section */
		041DD712273CE17D00B1A127 /* VideoPlayerViewController.swift */ = {isa = PBXFileReference; fileEncoding = 4; lastKnownFileType = sourcecode.swift; path = VideoPlayerViewController.swift; sourceTree = "<group>"; };
		044C0AA0273A3BDA002D8B4B /* VideoPlayerDemo.app */ = {isa = PBXFileReference; explicitFileType = wrapper.application; includeInIndex = 0; path = VideoPlayerDemo.app; sourceTree = BUILT_PRODUCTS_DIR; };
		044C0AA3273A3BDA002D8B4B /* AppDelegate.swift */ = {isa = PBXFileReference; lastKnownFileType = sourcecode.swift; path = AppDelegate.swift; sourceTree = "<group>"; };
		044C0AA5273A3BDA002D8B4B /* SceneDelegate.swift */ = {isa = PBXFileReference; lastKnownFileType = sourcecode.swift; path = SceneDelegate.swift; sourceTree = "<group>"; };
		044C0AA7273A3BDA002D8B4B /* ViewController.swift */ = {isa = PBXFileReference; lastKnownFileType = sourcecode.swift; path = ViewController.swift; sourceTree = "<group>"; };
		044C0AAA273A3BDA002D8B4B /* Base */ = {isa = PBXFileReference; lastKnownFileType = file.storyboard; name = Base; path = Base.lproj/Main.storyboard; sourceTree = "<group>"; };
		044C0AAC273A3BDB002D8B4B /* Assets.xcassets */ = {isa = PBXFileReference; lastKnownFileType = folder.assetcatalog; path = Assets.xcassets; sourceTree = "<group>"; };
		044C0AAF273A3BDB002D8B4B /* Base */ = {isa = PBXFileReference; lastKnownFileType = file.storyboard; name = Base; path = Base.lproj/LaunchScreen.storyboard; sourceTree = "<group>"; };
		044C0AB1273A3BDB002D8B4B /* Info.plist */ = {isa = PBXFileReference; lastKnownFileType = text.plist.xml; path = Info.plist; sourceTree = "<group>"; };
		044C0AC4273A429D002D8B4B /* free.mp4 */ = {isa = PBXFileReference; lastKnownFileType = file; path = free.mp4; sourceTree = "<group>"; };
/* End PBXFileReference section */

/* Begin PBXFrameworksBuildPhase section */
		044C0A9D273A3BDA002D8B4B /* Frameworks */ = {
			isa = PBXFrameworksBuildPhase;
			buildActionMask = 2147483647;
			files = (
			);
			runOnlyForDeploymentPostprocessing = 0;
		};
/* End PBXFrameworksBuildPhase section */

/* Begin PBXGroup section */
		044C0A97273A3BDA002D8B4B = {
			isa = PBXGroup;
			children = (
				044C0AA2273A3BDA002D8B4B /* VideoPlayerDemo */,
				044C0AA1273A3BDA002D8B4B /* Products */,
			);
			sourceTree = "<group>";
		};
		044C0AA1273A3BDA002D8B4B /* Products */ = {
			isa = PBXGroup;
			children = (
				044C0AA0273A3BDA002D8B4B /* VideoPlayerDemo.app */,
			);
			name = Products;
			sourceTree = "<group>";
		};
		044C0AA2273A3BDA002D8B4B /* VideoPlayerDemo */ = {
			isa = PBXGroup;
			children = (
				044C0AA3273A3BDA002D8B4B /* AppDelegate.swift */,
				044C0AA5273A3BDA002D8B4B /* SceneDelegate.swift */,
				044C0AA7273A3BDA002D8B4B /* ViewController.swift */,
				041DD712273CE17D00B1A127 /* VideoPlayerViewController.swift */,
				044C0AA9273A3BDA002D8B4B /* Main.storyboard */,
				044C0AC4273A429D002D8B4B /* free.mp4 */,
				044C0AAC273A3BDB002D8B4B /* Assets.xcassets */,
				044C0AAE273A3BDB002D8B4B /* LaunchScreen.storyboard */,
				044C0AB1273A3BDB002D8B4B /* Info.plist */,
			);
			path = VideoPlayerDemo;
			sourceTree = "<group>";
		};
/* End PBXGroup section */

/* Begin PBXNativeTarget section */
		044C0A9F273A3BDA002D8B4B /* VideoPlayerDemo */ = {
			isa = PBXNativeTarget;
			buildConfigurationList = 044C0AB4273A3BDB002D8B4B /* Build configuration list for PBXNativeTarget "VideoPlayerDemo" */;
			buildPhases = (
				044C0A9C273A3BDA002D8B4B /* Sources */,
				044C0A9D273A3BDA002D8B4B /* Frameworks */,
				044C0A9E273A3BDA002D8B4B /* Resources */,
			);
			buildRules = (
			);
			dependencies = (
			);
			name = VideoPlayerDemo;
			productName = VideoPlayerDemo;
			productReference = 044C0AA0273A3BDA002D8B4B /* VideoPlayerDemo.app */;
			productType = "com.apple.product-type.application";
		};
/* End PBXNativeTarget section */

/* Begin PBXProject section */
		044C0A98273A3BDA002D8B4B /* Project object */ = {
			isa = PBXProject;
			attributes = {
				LastSwiftUpdateCheck = 1240;
				LastUpgradeCheck = 1240;
				TargetAttributes = {
					044C0A9F273A3BDA002D8B4B = {
						CreatedOnToolsVersion = 12.4;
					};
				};
			};
			buildConfigurationList = 044C0A9B273A3BDA002D8B4B /* Build configuration list for PBXProject "VideoPlayerDemo" */;
			compatibilityVersion = "Xcode 9.3";
			developmentRegion = en;
			hasScannedForEncodings = 0;
			knownRegions = (
				en,
				Base,
			);
			mainGroup = 044C0A97273A3BDA002D8B4B;
			productRefGroup = 044C0AA1273A3BDA002D8B4B /* Products */;
			projectDirPath = "";
			projectRoot = "";
			targets = (
				044C0A9F273A3BDA002D8B4B /* VideoPlayerDemo */,
			);
		};
/* End PBXProject section */

/* Begin PBXResourcesBuildPhase section */
		044C0A9E273A3BDA002D8B4B /* Resources */ = {
			isa = PBXResourcesBuildPhase;
			buildActionMask = 2147483647;
			files = (
				044C0AB0273A3BDB002D8B4B /* LaunchScreen.storyboard in Resources */,
				044C0AC5273A429E002D8B4B /* free.mp4 in Resources */,
				044C0AAD273A3BDB002D8B4B /* Assets.xcassets in Resources */,
				044C0AAB273A3BDA002D8B4B /* Main.storyboard in Resources */,
			);
			runOnlyForDeploymentPostprocessing = 0;
		};
/* End PBXResourcesBuildPhase section */

/* Begin PBXSourcesBuildPhase section */
		044C0A9C273A3BDA002D8B4B /* Sources */ = {
			isa = PBXSourcesBuildPhase;
			buildActionMask = 2147483647;
			files = (
				044C0AA8273A3BDA002D8B4B /* ViewController.swift in Sources */,
				044C0AA4273A3BDA002D8B4B /* AppDelegate.swift in Sources */,
				041DD713273CE17D00B1A127 /* VideoPlayerViewController.swift in Sources */,
				044C0AA6273A3BDA002D8B4B /* SceneDelegate.swift in Sources */,
			);
			runOnlyForDeploymentPostprocessing = 0;
		};
/* End PBXSourcesBuildPhase section */

/* Begin PBXVariantGroup section */
		044C0AA9273A3BDA002D8B4B /* Main.storyboard */ = {
			isa = PBXVariantGroup;
			children = (
				044C0AAA273A3BDA002D8B4B /* Base */,
			);
			name = Main.storyboard;
			sourceTree = "<group>";
		};
		044C0AAE273A3BDB002D8B4B /* LaunchScreen.storyboard */ = {
			isa = PBXVariantGroup;
			children = (
				044C0AAF273A3BDB002D8B4B /* Base */,
			);
			name = LaunchScreen.storyboard;
			sourceTree = "<group>";
		};
/* End PBXVariantGroup section */

/* Begin XCBuildConfiguration section */
		044C0AB2273A3BDB002D8B4B /* Debug */ = {
			isa = XCBuildConfiguration;
			buildSettings = {
				ALWAYS_SEARCH_USER_PATHS = NO;
				CLANG_ANALYZER_NONNULL = YES;
				CLANG_ANALYZER_NUMBER_OBJECT_CONVERSION = YES_AGGRESSIVE;
				CLANG_CXX_LANGUAGE_STANDARD = "gnu++14";
				CLANG_CXX_LIBRARY = "libc++";
				CLANG_ENABLE_MODULES = YES;
				CLANG_ENABLE_OBJC_ARC = YES;
				CLANG_ENABLE_OBJC_WEAK = YES;
				CLANG_WARN_BLOCK_CAPTURE_AUTORELEASING = YES;
				CLANG_WARN_BOOL_CONVERSION = YES;
				CLANG_WARN_COMMA = YES;
				CLANG_WARN_CONSTANT_CONVERSION = YES;
				CLANG_WARN_DEPRECATED_OBJC_IMPLEMENTATIONS = YES;
				CLANG_WARN_DIRECT_OBJC_ISA_USAGE = YES_ERROR;
				CLANG_WARN_DOCUMENTATION_COMMENTS = YES;
				CLANG_WARN_EMPTY_BODY = YES;
				CLANG_WARN_ENUM_CONVERSION = YES;
				CLANG_WARN_INFINITE_RECURSION = YES;
				CLANG_WARN_INT_CONVERSION = YES;
				CLANG_WARN_NON_LITERAL_NULL_CONVERSION = YES;
				CLANG_WARN_OBJC_IMPLICIT_RETAIN_SELF = YES;
				CLANG_WARN_OBJC_LITERAL_CONVERSION = YES;
				CLANG_WARN_OBJC_ROOT_CLASS = YES_ERROR;
				CLANG_WARN_QUOTED_INCLUDE_IN_FRAMEWORK_HEADER = YES;
				CLANG_WARN_RANGE_LOOP_ANALYSIS = YES;
				CLANG_WARN_STRICT_PROTOTYPES = YES;
				CLANG_WARN_SUSPICIOUS_MOVE = YES;
				CLANG_WARN_UNGUARDED_AVAILABILITY = YES_AGGRESSIVE;
				CLANG_WARN_UNREACHABLE_CODE = YES;
				CLANG_WARN__DUPLICATE_METHOD_MATCH = YES;
				COPY_PHASE_STRIP = NO;
				DEBUG_INFORMATION_FORMAT = dwarf;
				ENABLE_STRICT_OBJC_MSGSEND = YES;
				ENABLE_TESTABILITY = YES;
				GCC_C_LANGUAGE_STANDARD = gnu11;
				GCC_DYNAMIC_NO_PIC = NO;
				GCC_NO_COMMON_BLOCKS = YES;
				GCC_OPTIMIZATION_LEVEL = 0;
				GCC_PREPROCESSOR_DEFINITIONS = (
					"DEBUG=1",
					"$(inherited)",
				);
				GCC_WARN_64_TO_32_BIT_CONVERSION = YES;
				GCC_WARN_ABOUT_RETURN_TYPE = YES_ERROR;
				GCC_WARN_UNDECLARED_SELECTOR = YES;
				GCC_WARN_UNINITIALIZED_AUTOS = YES_AGGRESSIVE;
				GCC_WARN_UNUSED_FUNCTION = YES;
				GCC_WARN_UNUSED_VARIABLE = YES;
				IPHONEOS_DEPLOYMENT_TARGET = 14.4;
				MTL_ENABLE_DEBUG_INFO = INCLUDE_SOURCE;
				MTL_FAST_MATH = YES;
				ONLY_ACTIVE_ARCH = YES;
				SDKROOT = iphoneos;
				SWIFT_ACTIVE_COMPILATION_CONDITIONS = DEBUG;
				SWIFT_OPTIMIZATION_LEVEL = "-Onone";
			};
			name = Debug;
		};
		044C0AB3273A3BDB002D8B4B /* Release */ = {
			isa = XCBuildConfiguration;
			buildSettings = {
				ALWAYS_SEARCH_USER_PATHS = NO;
				CLANG_ANALYZER_NONNULL = YES;
				CLANG_ANALYZER_NUMBER_OBJECT_CONVERSION = YES_AGGRESSIVE;
				CLANG_CXX_LANGUAGE_STANDARD = "gnu++14";
				CLANG_CXX_LIBRARY = "libc++";
				CLANG_ENABLE_MODULES = YES;
				CLANG_ENABLE_OBJC_ARC = YES;
				CLANG_ENABLE_OBJC_WEAK = YES;
				CLANG_WARN_BLOCK_CAPTURE_AUTORELEASING = YES;
				CLANG_WARN_BOOL_CONVERSION = YES;
				CLANG_WARN_COMMA = YES;
				CLANG_WARN_CONSTANT_CONVERSION = YES;
				CLANG_WARN_DEPRECATED_OBJC_IMPLEMENTATIONS = YES;
				CLANG_WARN_DIRECT_OBJC_ISA_USAGE = YES_ERROR;
				CLANG_WARN_DOCUMENTATION_COMMENTS = YES;
				CLANG_WARN_EMPTY_BODY = YES;
				CLANG_WARN_ENUM_CONVERSION = YES;
				CLANG_WARN_INFINITE_RECURSION = YES;
				CLANG_WARN_INT_CONVERSION = YES;
				CLANG_WARN_NON_LITERAL_NULL_CONVERSION = YES;
				CLANG_WARN_OBJC_IMPLICIT_RETAIN_SELF = YES;
				CLANG_WARN_OBJC_LITERAL_CONVERSION = YES;
				CLANG_WARN_OBJC_ROOT_CLASS = YES_ERROR;
				CLANG_WARN_QUOTED_INCLUDE_IN_FRAMEWORK_HEADER = YES;
				CLANG_WARN_RANGE_LOOP_ANALYSIS = YES;
				CLANG_WARN_STRICT_PROTOTYPES = YES;
				CLANG_WARN_SUSPICIOUS_MOVE = YES;
				CLANG_WARN_UNGUARDED_AVAILABILITY = YES_AGGRESSIVE;
				CLANG_WARN_UNREACHABLE_CODE = YES;
				CLANG_WARN__DUPLICATE_METHOD_MATCH = YES;
				COPY_PHASE_STRIP = NO;
				DEBUG_INFORMATION_FORMAT = "dwarf-with-dsym";
				ENABLE_NS_ASSERTIONS = NO;
				ENABLE_STRICT_OBJC_MSGSEND = YES;
				GCC_C_LANGUAGE_STANDARD = gnu11;
				GCC_NO_COMMON_BLOCKS = YES;
				GCC_WARN_64_TO_32_BIT_CONVERSION = YES;
				GCC_WARN_ABOUT_RETURN_TYPE = YES_ERROR;
				GCC_WARN_UNDECLARED_SELECTOR = YES;
				GCC_WARN_UNINITIALIZED_AUTOS = YES_AGGRESSIVE;
				GCC_WARN_UNUSED_FUNCTION = YES;
				GCC_WARN_UNUSED_VARIABLE = YES;
				IPHONEOS_DEPLOYMENT_TARGET = 14.4;
				MTL_ENABLE_DEBUG_INFO = NO;
				MTL_FAST_MATH = YES;
				SDKROOT = iphoneos;
				SWIFT_COMPILATION_MODE = wholemodule;
				SWIFT_OPTIMIZATION_LEVEL = "-O";
				VALIDATE_PRODUCT = YES;
			};
			name = Release;
		};
		044C0AB5273A3BDB002D8B4B /* Debug */ = {
			isa = XCBuildConfiguration;
			buildSettings = {
				ASSETCATALOG_COMPILER_APPICON_NAME = AppIcon;
				ASSETCATALOG_COMPILER_GLOBAL_ACCENT_COLOR_NAME = AccentColor;
				CODE_SIGN_IDENTITY = "iPhone Developer";
				CODE_SIGN_STYLE = Manual;
				DEVELOPMENT_TEAM = LG6P2DAR2T;
				INFOPLIST_FILE = VideoPlayerDemo/Info.plist;
				IPHONEOS_DEPLOYMENT_TARGET = 13.0;
				LD_RUNPATH_SEARCH_PATHS = (
					"$(inherited)",
					"@executable_path/Frameworks",
				);
				PRODUCT_BUNDLE_IDENTIFIER = "com.-";
				PRODUCT_NAME = "$(TARGET_NAME)";
				PROVISIONING_PROFILE_SPECIFIER = Wildcard_dev_profile;
				SWIFT_VERSION = 5.0;
				TARGETED_DEVICE_FAMILY = "1,2";
			};
			name = Debug;
		};
		044C0AB6273A3BDB002D8B4B /* Release */ = {
			isa = XCBuildConfiguration;
			buildSettings = {
				ASSETCATALOG_COMPILER_APPICON_NAME = AppIcon;
				ASSETCATALOG_COMPILER_GLOBAL_ACCENT_COLOR_NAME = AccentColor;
				CODE_SIGN_IDENTITY = "iPhone Developer";
				CODE_SIGN_STYLE = Manual;
				DEVELOPMENT_TEAM = LG6P2DAR2T;
				INFOPLIST_FILE = VideoPlayerDemo/Info.plist;
				IPHONEOS_DEPLOYMENT_TARGET = 13.0;
				LD_RUNPATH_SEARCH_PATHS = (
					"$(inherited)",
					"@executable_path/Frameworks",
				);
				PRODUCT_BUNDLE_IDENTIFIER = "com.-";
				PRODUCT_NAME = "$(TARGET_NAME)";
				PROVISIONING_PROFILE_SPECIFIER = Wildcard_dev_profile;
				SWIFT_VERSION = 5.0;
				TARGETED_DEVICE_FAMILY = "1,2";
			};
			name = Release;
		};
/* End XCBuildConfiguration section */

/* Begin XCConfigurationList section */
		044C0A9B273A3BDA002D8B4B /* Build configuration list for PBXProject "VideoPlayerDemo" */ = {
			isa = XCConfigurationList;
			buildConfigurations = (
				044C0AB2273A3BDB002D8B4B /* Debug */,
				044C0AB3273A3BDB002D8B4B /* Release */,
			);
			defaultConfigurationIsVisible = 0;
			defaultConfigurationName = Release;
		};
		044C0AB4273A3BDB002D8B4B /* Build configuration list for PBXNativeTarget "VideoPlayerDemo" */ = {
			isa = XCConfigurationList;
			buildConfigurations = (
				044C0AB5273A3BDB002D8B4B /* Debug */,
				044C0AB6273A3BDB002D8B4B /* Release */,
			);
			defaultConfigurationIsVisible = 0;
			defaultConfigurationName = Release;
		};
/* End XCConfigurationList section */
	};
	rootObject = 044C0A98273A3BDA002D8B4B /* Project object */;
}
